github.com/BurntSushi/toml v0.4.1/go.mod h1:CxXYINrC8qIiEnFrOxCa7Jy5BFHlXnUU2pbicEuybxQ=
github.com/BurntSushi/toml v1.1.0 h1:ksErzDEI1khOiGPgpwuI7x2ebx/uXQNw7xJpn9Eq1+I=
github.com/BurntSushi/toml v1.1.0/go.mod h1:CxXYINrC8qIiEnFrOxCa7Jy5BFHlXnUU2pbicEuybxQ=
github.com/BurntSushi/toml v1.4.0 h1:kuoIxZQy2WRRk1pttg9asf+WVv6tWQuBNVmK8+nqPr0=
github.com/BurntSushi/toml v1.4.0/go.mod h1:ukJfTF/6rtPPRCnwkur4qwRxa8vTRFBF0uk2lLoLwho=
github.com/davecgh/go-spew v1.1.0 h1:ZDRjVQ15GmhC3fiQ8ni8+OwkZQO4DARzQgrnXU1Liz8=
github.com/davecgh/go-spew v1.1.0/go.mod h1:J7Y8YcW2NihsgmVo/mv3lAwl/skON4iLHjSsI+c5H38=
github.com/davecgh/go-spew v1.1.1 h1:vj9j/u1bqnvCEfJOwUhtlOARqs3+rkHYY13jYWTU97c=
github.com/davecgh/go-spew v1.1.1/go.mod h1:J7Y8YcW2NihsgmVo/mv3lAwl/skON4iLHjSsI+c5H38=
github.com/docopt/docopt-go v0.0.0-20180111231733-ee0de3bc6815 h1:bWDMxwH3px2JBh6AyO7hdCn/PkvCZXii8TGj7sbtEbQ=
github.com/docopt/docopt-go v0.0.0-20180111231733-ee0de3bc6815/go.mod h1:WwZ+bS3ebgob9U8Nd0kOddGdZWjyMGR8Wziv+TBNwSE=
github.com/fsnotify/fsevents v0.1.1 h1:/125uxJvvoSDDBPen6yUZbil8J9ydKZnnl3TWWmvnkw=
github.com/fsnotify/fsevents v0.1.1/go.mod h1:+d+hS27T6k5J8CRaPLKFgwKYcpS7GwW3Ule9+SC2ZRc=
github.com/fsnotify/fsevents v0.2.0 h1:BRlvlqjvNTfogHfeBOFvSC9N0Ddy+wzQCQukyoD7o/c=
github.com/fsnotify/fsevents v0.2.0/go.mod h1:B3eEk39i4hz8y1zaWS/wPrAP4O6wkIl7HQwKBr1qH/w=
github.com/kovetskiy/lorg v0.0.0-20200107130803-9a7136a95634 h1:szpgh20EtHoQhJ38jrp7S2nlrhf56GSwa4de0hMfc2U=
github.com/kovetskiy/lorg v0.0.0-20200107130803-9a7136a95634/go.mod h1:B8HeKAukXULNzWWsW5k/SQyDkiQZPn7lTBJDB46MZ9I=
github.com/kovetskiy/lorg v1.2.1-0.20240830111423-ba4fe8b6f7c4 h1:2eV8tF1u58dqRJMlFUD/Df26BxcIlGVy71rZHN+aNoI=
github.com/kovetskiy/lorg v1.2.1-0.20240830111423-ba4fe8b6f7c4/go.mod h1:p1RuSvyflTF/G4ubeATGurCRKWkULOrN/4PUAEFRq0s=
github.com/lmittmann/tint v1.0.5 h1:NQclAutOfYsqs2F1Lenue6OoWCajs5wJcP3DfWVpePw=
github.com/lmittmann/tint v1.0.5/go.mod h1:HIS3gSy7qNwGCj+5oRjAutErFBl4BzdQP6cJZ0NfMwE=
github.com/pmezard/go-difflib v1.0.0 h1:4DBwDE0NGyQoBHbLQYPwSUPoCMWR5BEzIk/f1lZbAQM=
github.com/pmezard/go-difflib v1.0.0/go.mod h1:iKH77koFhYxTK1pcRnkKkqfTogsbg7gZNVY4sRDYZ/4=
github.com/reconquest/cog v0.0.0-20210820140837-c5c4e8f49c65 h1:IiAAeijD0sU3C6OO9vy/0WUUfRabZ1aH7hijCBteJC4=
github.com/reconquest/cog v0.0.0-20210820140837-c5c4e8f49c65/go.mod h1:iin2k2yhKESAy14B2fXK8gpf1nofl7dTXH5U+VdIlss=
github.com/reconquest/cog v0.0.0-20240830113510-c7ba12d0beeb h1:hJ1ExqE2lTMgTRmjmSiC2hm+sMXCCjjbyiGo3irbEW8=
github.com/reconquest/cog v0.0.0-20240830113510-c7ba12d0beeb/go.mod h1:n+lvvNLeoQmYVvYTFGCtLvoyD9Wz46RO3yCk6GKyZ/4=
github.com/reconquest/karma-go v0.0.0-20200928103525-22da92476de6/go.mod h1:yuQiKpTdmXSX7E+h+3dD4jx09P/gHc67mRxN3eFLt7o=
github.com/reconquest/karma-go v0.0.0-20211029072727-6027c6225ce4 h1:HuM4N4Zliq6nyqRXLl/NJpQxIaxVdhJ9TXoW8rrTWuo=
github.com/reconquest/karma-go v0.0.0-20211029072727-6027c6225ce4/go.mod h1:0SJV7OD+RmNxn0wsLWXQIVYiKS3szqhFv5PQvjLX2Ds=
github.com/reconquest/karma-go v1.5.0 h1:Chn4LtauwnvKfz13ZbmGNrRLKO1NciExHQSOBOsQqt4=
github.com/reconquest/karma-go v1.5.0/go.mod h1:52XRXXa2ec/VNrlCirwasdJfNmjI1O87q098gmqILh0=
github.com/stretchr/objx v0.1.0/go.mod h1:HFkY916IF+rwdDfMAkV7OtwuqBVzrE8GR6GFx+wExME=
github.com/stretchr/testify v1.7.0 h1:nwc3DEeHmmLAfoZucVR881uASk0Mfjw8xYJ99tb5CcY=
github.com/stretchr/testify v1.7.0/go.mod h1:6Fq8oRcR53rry900zMqJjRRixrwX3KX962/h/Wwjteg=
github.com/stretchr/testify v1.9.0 h1:HtqpIVDClZ4nwg75+f6Lvsy/wHu+3BoSGCbBAcpTsTg=
github.com/stretchr/testify v1.9.0/go.mod h1:r2ic/lqez/lEtzL7wO/rwa5dbSLXVDPFyf8C91i36aY=
github.com/zazab/zhash v0.0.0-20210630080733-6e809466f8d3 h1:BhVaeQJc3xalHGONn215FylzuxdQBIT3d/aRjDg4nXQ=
github.com/zazab/zhash v0.0.0-20210630080733-6e809466f8d3/go.mod h1:NtepZ8TEXErPsmQDMUoN72f8aIy4+xNinSJ3f1giess=
github.com/zazab/zhash v0.0.0-20221031090444-2b0d50417446 h1:75pcOSsb40+ub185cJI7g5uykl9Uu76rD5ONzK/4s40=
github.com/zazab/zhash v0.0.0-20221031090444-2b0d50417446/go.mod h1:NtepZ8TEXErPsmQDMUoN72f8aIy4+xNinSJ3f1giess=
github.com/zloylos/grsync v1.6.1 h1:TShhGwI6Xi38pc58kS97ExnmqH7nBt/n6So6hqR5r54=
github.com/zloylos/grsync v1.6.1/go.mod h1:0Ue43fnWwx3doC5GkfmwmUwCAvQ54h06FRHXXX3ZWls=
github.com/zloylos/grsync v1.7.0 h1:7JjxC4CdzA7Inh771VelfUWdxIiMcXCXF5qV1Vx+W6E=
github.com/zloylos/grsync v1.7.0/go.mod h1:0Ue43fnWwx3doC5GkfmwmUwCAvQ54h06FRHXXX3ZWls=
gopkg.in/check.v1 v0.0.0-20161208181325-20d25e280405 h1:yhCVgyC4o1eVCa2tZl7eS0r+SDo693bJlVdllGtEeKM=
gopkg.in/check.v1 v0.0.0-20161208181325-20d25e280405/go.mod h1:Co6ibVJAznAaIkqp8huTwlJQCZ016jof/cbN4VW5Yz0=
gopkg.in/yaml.v2 v2.4.0 h1:D8xgwECY7CYvx+Y2n4sBz93Jn9JRvxdiyyo8CTfuKaY=
gopkg.in/yaml.v2 v2.4.0/go.mod h1:RDklbk79AGWmwhnvt/jBztapEOGDOx6ZbXqjP6csGnQ=
gopkg.in/yaml.v3 v3.0.0-20200313102051-9f266ea9e77c h1:dUUwHk2QECo/6vqA44rthZ8ie2QXMNeKRTHCNY2nXvo=
gopkg.in/yaml.v3 v3.0.0-20200313102051-9f266ea9e77c/go.mod h1:K4uyk7z7BCEPqu6E+C64Yfv1cQ7kz7rIZviUmN+EgEM=
gopkg.in/yaml.v3 v3.0.1 h1:fxVm/GzAzEWqLHuvctI91KS9hhNmmWOoWu0XTYJS7CA=
gopkg.in/yaml.v3 v3.0.1/go.mod h1:K4uyk7z7BCEPqu6E+C64Yfv1cQ7kz7rIZviUmN+EgEM=
