github.com/BurntSushi/toml v0.3.1 h1:WXkYYl6Yr3qBf1K79EBnL4mak0OimBfB0XUf9Vl28OQ=
github.com/BurntSushi/toml v0.3.1/go.mod h1:xHWCNGjB5oqiDr8zfno3MHue2Ht5sIBksp03qcyfWMU=
github.com/davecgh/go-spew v1.1.0 h1:ZDRjVQ15GmhC3fiQ8ni8+OwkZQO4DARzQgrnXU1Liz8=
github.com/davecgh/go-spew v1.1.0/go.mod h1:J7Y8YcW2NihsgmVo/mv3lAwl/skON4iLHjSsI+c5H38=
github.com/docopt/docopt-go v0.0.0-20180111231733-ee0de3bc6815 h1:bWDMxwH3px2JBh6AyO7hdCn/PkvCZXii8TGj7sbtEbQ=
github.com/docopt/docopt-go v0.0.0-20180111231733-ee0de3bc6815/go.mod h1:WwZ+bS3ebgob9U8Nd0kOddGdZWjyMGR8Wziv+TBNwSE=
github.com/fsnotify/fsevents v0.1.1 h1:/125uxJvvoSDDBPen6yUZbil8J9ydKZnnl3TWWmvnkw=
github.com/fsnotify/fsevents v0.1.1/go.mod h1:+d+hS27T6k5J8CRaPLKFgwKYcpS7GwW3Ule9+SC2ZRc=
github.com/idr0id/grsync v0.0.0-20200328155829-b481b4f86bdb h1:QAid03mHHQHiNjBQxKhohX38RnijxGpvPr8SK7Uxv4g=
github.com/idr0id/grsync v0.0.0-20200328155829-b481b4f86bdb/go.mod h1:2utuy8p4VcWXfB5p9wTL+VCberFM+MwTDjDf1nr8s78=
github.com/idr0id/grsync v0.0.0-20200328163231-f3086de9b59d h1:+fdWb2FE+qTdY2SYrPYN7C7e/3/qnZXz0QAwZSxOWqM=
github.com/idr0id/grsync v0.0.0-20200328163231-f3086de9b59d/go.mod h1:2utuy8p4VcWXfB5p9wTL+VCberFM+MwTDjDf1nr8s78=
github.com/kovetskiy/lorg v0.0.0-20200107130803-9a7136a95634 h1:szpgh20EtHoQhJ38jrp7S2nlrhf56GSwa4de0hMfc2U=
github.com/kovetskiy/lorg v0.0.0-20200107130803-9a7136a95634/go.mod h1:B8HeKAukXULNzWWsW5k/SQyDkiQZPn7lTBJDB46MZ9I=
github.com/pmezard/go-difflib v1.0.0 h1:4DBwDE0NGyQoBHbLQYPwSUPoCMWR5BEzIk/f1lZbAQM=
github.com/pmezard/go-difflib v1.0.0/go.mod h1:iKH77koFhYxTK1pcRnkKkqfTogsbg7gZNVY4sRDYZ/4=
github.com/reconquest/cog v0.0.0-20191208202052-266c2467b936 h1:jSaVCkKLAGc8VWBRVKk0Ffxrv/NKD1ixkOyjwPWrPd4=
github.com/reconquest/cog v0.0.0-20191208202052-266c2467b936/go.mod h1:IYiTfZ8/UKTz5svWOy+2ri5NuS+pJ3ynXMg8V0IHkXU=
github.com/reconquest/karma-go v0.0.0-20200225150538-5e903a7b8526 h1:yL7a2j28ML0uJyLZBUE+Gi1tlkCnVFeFmnK3uu8MIOg=
github.com/reconquest/karma-go v0.0.0-20200225150538-5e903a7b8526/go.mod h1:oTXKs9J7KQ1gCpnvSwCbH9vlvELZFfUSbEbrr2ABeo0=
github.com/stretchr/objx v0.1.0/go.mod h1:HFkY916IF+rwdDfMAkV7OtwuqBVzrE8GR6GFx+wExME=
github.com/stretchr/testify v1.4.0/go.mod h1:j7eGeouHqKxXV5pUuKE4zz7dFj8WfuZ+81PSLYec5m4=
github.com/stretchr/testify v1.5.1 h1:nOGnQDM7FYENwehXlg/kFVnos3rEvtKTjRvOWSzb6H4=
github.com/stretchr/testify v1.5.1/go.mod h1:5W2xD1RspED5o8YsWQXVCued0rvSQ+mT+I5cxcmMvtA=
github.com/zazab/zhash v0.0.0-20170403032415-ad45b89afe7a h1:8gf6DUwu6F8Fh3rN8Ei9TM66KkWrNC04FP3HlcbxPuQ=
github.com/zazab/zhash v0.0.0-20170403032415-ad45b89afe7a/go.mod h1:P+yVThXQrjx7yGmgsdI4WQ/XDDmcyBMZzK1b39TXteA=
gopkg.in/check.v1 v0.0.0-20161208181325-20d25e280405 h1:yhCVgyC4o1eVCa2tZl7eS0r+SDo693bJlVdllGtEeKM=
gopkg.in/check.v1 v0.0.0-20161208181325-20d25e280405/go.mod h1:Co6ibVJAznAaIkqp8huTwlJQCZ016jof/cbN4VW5Yz0=
gopkg.in/yaml.v2 v2.2.2 h1:ZCJp+EgiOT7lHqUV2J862kp8Qj64Jo6az82+3Td9dZw=
gopkg.in/yaml.v2 v2.2.2/go.mod h1:hI93XBmqTisBFMUTm0b8Fm+jr3Dg1NNxqwp+5A1VGuI=
